
Microsoft Visual Studio Solution File, Format Version 12.00
# Visual Studio Version 16
VisualStudioVersion = 16.0.30621.155
MinimumVisualStudioVersion = 10.0.40219.1
Project("{9A19103F-16F7-4668-BE54-9A1E7A4F7556}") = "ApplicationWorker", "ApplicationWorker\ApplicationWorker.csproj", "{38A895AB-669C-4DFF-8145-69A80DBD4F4C}"
EndProject
Project("{9A19103F-16F7-4668-BE54-9A1E7A4F7556}") = "Logger.Serilog", "Logger.Serilog\Logger.Serilog.csproj", "{44D3BFC5-BC7F-43BE-B319-7CC8F9A1637A}"
EndProject
Project("{9A19103F-16F7-4668-BE54-9A1E7A4F7556}") = "Common", "Common\Common.csproj", "{46CF101D-4EF8-4F84-BBFA-A79F24AF7789}"
EndProject
Project("{9A19103F-16F7-4668-BE54-9A1E7A4F7556}") = "EmailMicroService", "EmailProducer\EmailMicroService.csproj", "{BC55432B-7C94-4A93-9534-FF5554DDA01C}"
EndProject
Project("{9A19103F-16F7-4668-BE54-9A1E7A4F7556}") = "LoggerMicroService", "LoggerMicroService\LoggerMicroService.csproj", "{37422FEA-0BA5-48C9-977A-205872517137}"
EndProject
Project("{9A19103F-16F7-4668-BE54-9A1E7A4F7556}") = "ApplicationWorkerDataLayer", "ApplicationDataLayer\ApplicationWorkerDataLayer.csproj", "{2D9E5443-1409-4949-80C5-DBD96C65A57F}"
EndProject
Project("{FAE04EC0-301F-11D3-BF4B-00C04F79EFBC}") = "SqlStuff", "SqlStuff\SqlStuff.csproj", "{3D5C894F-9947-4264-8B5C-D0C195F9677F}"
EndProject
Project("{9A19103F-16F7-4668-BE54-9A1E7A4F7556}") = "ScoringSolutionMicroService", "ScorringSolutionMicroService\ScoringSolutionMicroService.csproj", "{4DDC4493-F14B-4010-B562-D6996C583A8C}"
EndProject
Project("{9A19103F-16F7-4668-BE54-9A1E7A4F7556}") = "PointPredictiveMicroService", "PointPredictiveMicroservice\PointPredictiveMicroService.csproj", "{C51F4052-209E-46FF-A184-05BFADFF8572}"
EndProject
Project("{9A19103F-16F7-4668-BE54-9A1E7A4F7556}") = "TrustScienceMicroService", "TrustScienceMicroService\TrustScienceMicroService.csproj", "{16F02B26-EEC7-4EF7-9468-E6C90A492370}"
EndProject
Project("{FAE04EC0-301F-11D3-BF4B-00C04F79EFBC}") = "Files", "Files\Files.csproj", "{5BAA9E6F-CA3E-469B-B3C3-3C51664CA67D}"
EndProject
Global
	GlobalSection(SolutionConfigurationPlatforms) = preSolution
		Debug|Any CPU = Debug|Any CPU
		Release|Any CPU = Release|Any CPU
	EndGlobalSection
	GlobalSection(ProjectConfigurationPlatforms) = postSolution
		{38A895AB-669C-4DFF-8145-69A80DBD4F4C}.Debug|Any CPU.ActiveCfg = Debug|Any CPU
		{38A895AB-669C-4DFF-8145-69A80DBD4F4C}.Debug|Any CPU.Build.0 = Debug|Any CPU
		{38A895AB-669C-4DFF-8145-69A80DBD4F4C}.Release|Any CPU.ActiveCfg = Release|Any CPU
		{38A895AB-669C-4DFF-8145-69A80DBD4F4C}.Release|Any CPU.Build.0 = Release|Any CPU
		{44D3BFC5-BC7F-43BE-B319-7CC8F9A1637A}.Debug|Any CPU.ActiveCfg = Debug|Any CPU
		{44D3BFC5-BC7F-43BE-B319-7CC8F9A1637A}.Debug|Any CPU.Build.0 = Debug|Any CPU
		{44D3BFC5-BC7F-43BE-B319-7CC8F9A1637A}.Release|Any CPU.ActiveCfg = Release|Any CPU
		{44D3BFC5-BC7F-43BE-B319-7CC8F9A1637A}.Release|Any CPU.Build.0 = Release|Any CPU
		{46CF101D-4EF8-4F84-BBFA-A79F24AF7789}.Debug|Any CPU.ActiveCfg = Debug|Any CPU
		{46CF101D-4EF8-4F84-BBFA-A79F24AF7789}.Debug|Any CPU.Build.0 = Debug|Any CPU
		{46CF101D-4EF8-4F84-BBFA-A79F24AF7789}.Release|Any CPU.ActiveCfg = Release|Any CPU
		{46CF101D-4EF8-4F84-BBFA-A79F24AF7789}.Release|Any CPU.Build.0 = Release|Any CPU
		{BC55432B-7C94-4A93-9534-FF5554DDA01C}.Debug|Any CPU.ActiveCfg = Debug|Any CPU
		{BC55432B-7C94-4A93-9534-FF5554DDA01C}.Debug|Any CPU.Build.0 = Debug|Any CPU
		{BC55432B-7C94-4A93-9534-FF5554DDA01C}.Release|Any CPU.ActiveCfg = Release|Any CPU
		{BC55432B-7C94-4A93-9534-FF5554DDA01C}.Release|Any CPU.Build.0 = Release|Any CPU
		{37422FEA-0BA5-48C9-977A-205872517137}.Debug|Any CPU.ActiveCfg = Debug|Any CPU
		{37422FEA-0BA5-48C9-977A-205872517137}.Debug|Any CPU.Build.0 = Debug|Any CPU
		{37422FEA-0BA5-48C9-977A-205872517137}.Release|Any CPU.ActiveCfg = Release|Any CPU
		{37422FEA-0BA5-48C9-977A-205872517137}.Release|Any CPU.Build.0 = Release|Any CPU
		{2D9E5443-1409-4949-80C5-DBD96C65A57F}.Debug|Any CPU.ActiveCfg = Debug|Any CPU
		{2D9E5443-1409-4949-80C5-DBD96C65A57F}.Debug|Any CPU.Build.0 = Debug|Any CPU
		{2D9E5443-1409-4949-80C5-DBD96C65A57F}.Release|Any CPU.ActiveCfg = Release|Any CPU
		{2D9E5443-1409-4949-80C5-DBD96C65A57F}.Release|Any CPU.Build.0 = Release|Any CPU
		{3D5C894F-9947-4264-8B5C-D0C195F9677F}.Debug|Any CPU.ActiveCfg = Debug|Any CPU
		{3D5C894F-9947-4264-8B5C-D0C195F9677F}.Debug|Any CPU.Build.0 = Debug|Any CPU
		{3D5C894F-9947-4264-8B5C-D0C195F9677F}.Release|Any CPU.ActiveCfg = Release|Any CPU
		{3D5C894F-9947-4264-8B5C-D0C195F9677F}.Release|Any CPU.Build.0 = Release|Any CPU
		{4DDC4493-F14B-4010-B562-D6996C583A8C}.Debug|Any CPU.ActiveCfg = Debug|Any CPU
		{4DDC4493-F14B-4010-B562-D6996C583A8C}.Debug|Any CPU.Build.0 = Debug|Any CPU
		{4DDC4493-F14B-4010-B562-D6996C583A8C}.Release|Any CPU.ActiveCfg = Release|Any CPU
		{4DDC4493-F14B-4010-B562-D6996C583A8C}.Release|Any CPU.Build.0 = Release|Any CPU
		{C51F4052-209E-46FF-A184-05BFADFF8572}.Debug|Any CPU.ActiveCfg = Debug|Any CPU
		{C51F4052-209E-46FF-A184-05BFADFF8572}.Debug|Any CPU.Build.0 = Debug|Any CPU
		{C51F4052-209E-46FF-A184-05BFADFF8572}.Release|Any CPU.ActiveCfg = Release|Any CPU
		{C51F4052-209E-46FF-A184-05BFADFF8572}.Release|Any CPU.Build.0 = Release|Any CPU
		{16F02B26-EEC7-4EF7-9468-E6C90A492370}.Debug|Any CPU.ActiveCfg = Debug|Any CPU
		{16F02B26-EEC7-4EF7-9468-E6C90A492370}.Debug|Any CPU.Build.0 = Debug|Any CPU
		{16F02B26-EEC7-4EF7-9468-E6C90A492370}.Release|Any CPU.ActiveCfg = Release|Any CPU
		{16F02B26-EEC7-4EF7-9468-E6C90A492370}.Release|Any CPU.Build.0 = Release|Any CPU
		{5BAA9E6F-CA3E-469B-B3C3-3C51664CA67D}.Debug|Any CPU.ActiveCfg = Debug|Any CPU
		{5BAA9E6F-CA3E-469B-B3C3-3C51664CA67D}.Debug|Any CPU.Build.0 = Debug|Any CPU
		{5BAA9E6F-CA3E-469B-B3C3-3C51664CA67D}.Release|Any CPU.ActiveCfg = Release|Any CPU
		{5BAA9E6F-CA3E-469B-B3C3-3C51664CA67D}.Release|Any CPU.Build.0 = Release|Any CPU
	EndGlobalSection
	GlobalSection(SolutionProperties) = preSolution
		HideSolutionNode = FALSE
	EndGlobalSection
	GlobalSection(ExtensibilityGlobals) = postSolution
		SolutionGuid = {14B82291-443C-429F-AD6C-8725EE869B07}
	EndGlobalSection
EndGlobal
